// !$*UTF8*$!
{
	archiveVersion = 1;
	classes = {
	};
	objectVersion = 50;
	objects = {

/* Begin PBXBuildFile section */
		AF5AAC392531B7C8008C876D /* AppDelegate.swift in Sources */ = {isa = PBXBuildFile; fileRef = AF5AAC382531B7C8008C876D /* AppDelegate.swift */; };
		AF5AAC3B2531B7C8008C876D /* SceneDelegate.swift in Sources */ = {isa = PBXBuildFile; fileRef = AF5AAC3A2531B7C8008C876D /* SceneDelegate.swift */; };
		AF5AAC3D2531B7C8008C876D /* ContentView.swift in Sources */ = {isa = PBXBuildFile; fileRef = AF5AAC3C2531B7C8008C876D /* ContentView.swift */; };
		AF5AAC3F2531B7CD008C876D /* Assets.xcassets in Resources */ = {isa = PBXBuildFile; fileRef = AF5AAC3E2531B7CD008C876D /* Assets.xcassets */; };
		AF5AAC422531B7CD008C876D /* Preview Assets.xcassets in Resources */ = {isa = PBXBuildFile; fileRef = AF5AAC412531B7CD008C876D /* Preview Assets.xcassets */; };
		AF5AAC452531B7CD008C876D /* LaunchScreen.storyboard in Resources */ = {isa = PBXBuildFile; fileRef = AF5AAC432531B7CD008C876D /* LaunchScreen.storyboard */; };
		AF5AAC4E2531B7D9008C876D /* Auth.swift in Sources */ = {isa = PBXBuildFile; fileRef = AF5AAC4D2531B7D8008C876D /* Auth.swift */; };
		AF5AAC512531C49F008C876D /* DataModel.swift in Sources */ = {isa = PBXBuildFile; fileRef = AF5AAC502531C49F008C876D /* DataModel.swift */; };
		AF5AAC542531C4DA008C876D /* GlobalObject.swift in Sources */ = {isa = PBXBuildFile; fileRef = AF5AAC532531C4DA008C876D /* GlobalObject.swift */; };
/* End PBXBuildFile section */

/* Begin PBXFileReference section */
		AF5AAC352531B7C8008C876D /* LoginApp.app */ = {isa = PBXFileReference; explicitFileType = wrapper.application; includeInIndex = 0; path = LoginApp.app; sourceTree = BUILT_PRODUCTS_DIR; };
		AF5AAC382531B7C8008C876D /* AppDelegate.swift */ = {isa = PBXFileReference; lastKnownFileType = sourcecode.swift; path = AppDelegate.swift; sourceTree = "<group>"; };
		AF5AAC3A2531B7C8008C876D /* SceneDelegate.swift */ = {isa = PBXFileReference; lastKnownFileType = sourcecode.swift; path = SceneDelegate.swift; sourceTree = "<group>"; };
		AF5AAC3C2531B7C8008C876D /* ContentView.swift */ = {isa = PBXFileReference; lastKnownFileType = sourcecode.swift; path = ContentView.swift; sourceTree = "<group>"; };
		AF5AAC3E2531B7CD008C876D /* Assets.xcassets */ = {isa = PBXFileReference; lastKnownFileType = folder.assetcatalog; path = Assets.xcassets; sourceTree = "<group>"; };
		AF5AAC412531B7CD008C876D /* Preview Assets.xcassets */ = {isa = PBXFileReference; lastKnownFileType = folder.assetcatalog; path = "Preview Assets.xcassets"; sourceTree = "<group>"; };
		AF5AAC442531B7CD008C876D /* Base */ = {isa = PBXFileReference; lastKnownFileType = file.storyboard; name = Base; path = Base.lproj/LaunchScreen.storyboard; sourceTree = "<group>"; };
		AF5AAC462531B7CD008C876D /* Info.plist */ = {isa = PBXFileReference; lastKnownFileType = text.plist.xml; path = Info.plist; sourceTree = "<group>"; };
		AF5AAC4D2531B7D8008C876D /* Auth.swift */ = {isa = PBXFileReference; lastKnownFileType = sourcecode.swift; path = Auth.swift; sourceTree = "<group>"; };
		AF5AAC502531C49F008C876D /* DataModel.swift */ = {isa = PBXFileReference; lastKnownFileType = sourcecode.swift; path = DataModel.swift; sourceTree = "<group>"; };
		AF5AAC532531C4DA008C876D /* GlobalObject.swift */ = {isa = PBXFileReference; lastKnownFileType = sourcecode.swift; path = GlobalObject.swift; sourceTree = "<group>"; };
/* End PBXFileReference section */

/* Begin PBXFrameworksBuildPhase section */
		AF5AAC322531B7C8008C876D /* Frameworks */ = {
			isa = PBXFrameworksBuildPhase;
			buildActionMask = 2147483647;
			files = (
			);
			runOnlyForDeploymentPostprocessing = 0;
		};
/* End PBXFrameworksBuildPhase section */

/* Begin PBXGroup section */
		AF5AAC2C2531B7C8008C876D = {
			isa = PBXGroup;
			children = (
				AF5AAC372531B7C8008C876D /* LoginApp */,
				AF5AAC362531B7C8008C876D /* Products */,
			);
			sourceTree = "<group>";
		};
		AF5AAC362531B7C8008C876D /* Products */ = {
			isa = PBXGroup;
			children = (
				AF5AAC352531B7C8008C876D /* LoginApp.app */,
			);
			name = Products;
			sourceTree = "<group>";
		};
		AF5AAC372531B7C8008C876D /* LoginApp */ = {
			isa = PBXGroup;
			children = (
				AF5AAC382531B7C8008C876D /* AppDelegate.swift */,
				AF5AAC3A2531B7C8008C876D /* SceneDelegate.swift */,
				AF5AAC3C2531B7C8008C876D /* ContentView.swift */,
				AF5AAC3E2531B7CD008C876D /* Assets.xcassets */,
				AF5AAC432531B7CD008C876D /* LaunchScreen.storyboard */,
				AF5AAC462531B7CD008C876D /* Info.plist */,
				AF5AAC402531B7CD008C876D /* Preview Content */,
				AF5AAC4D2531B7D8008C876D /* Auth.swift */,
				AF5AAC502531C49F008C876D /* DataModel.swift */,
				AF5AAC532531C4DA008C876D /* GlobalObject.swift */,
			);
			path = LoginApp;
			sourceTree = "<group>";
		};
		AF5AAC402531B7CD008C876D /* Preview Content */ = {
			isa = PBXGroup;
			children = (
				AF5AAC412531B7CD008C876D /* Preview Assets.xcassets */,
			);
			path = "Preview Content";
			sourceTree = "<group>";
		};
/* End PBXGroup section */

/* Begin PBXNativeTarget section */
		AF5AAC342531B7C8008C876D /* LoginApp */ = {
			isa = PBXNativeTarget;
			buildConfigurationList = AF5AAC492531B7CD008C876D /* Build configuration list for PBXNativeTarget "LoginApp" */;
			buildPhases = (
				AF5AAC312531B7C8008C876D /* Sources */,
				AF5AAC322531B7C8008C876D /* Frameworks */,
				AF5AAC332531B7C8008C876D /* Resources */,
			);
			buildRules = (
			);
			dependencies = (
			);
			name = LoginApp;
			productName = LoginApp;
			productReference = AF5AAC352531B7C8008C876D /* LoginApp.app */;
			productType = "com.apple.product-type.application";
		};
/* End PBXNativeTarget section */

/* Begin PBXProject section */
		AF5AAC2D2531B7C8008C876D /* Project object */ = {
			isa = PBXProject;
			attributes = {
				LastSwiftUpdateCheck = 1220;
				LastUpgradeCheck = 1220;
				TargetAttributes = {
					AF5AAC342531B7C8008C876D = {
						CreatedOnToolsVersion = 12.2;
					};
				};
			};
			buildConfigurationList = AF5AAC302531B7C8008C876D /* Build configuration list for PBXProject "LoginApp" */;
			compatibilityVersion = "Xcode 9.3";
			developmentRegion = en;
			hasScannedForEncodings = 0;
			knownRegions = (
				en,
				Base,
			);
			mainGroup = AF5AAC2C2531B7C8008C876D;
			productRefGroup = AF5AAC362531B7C8008C876D /* Products */;
			projectDirPath = "";
			projectRoot = "";
			targets = (
				AF5AAC342531B7C8008C876D /* LoginApp */,
			);
		};
/* End PBXProject section */

/* Begin PBXResourcesBuildPhase section */
		AF5AAC332531B7C8008C876D /* Resources */ = {
			isa = PBXResourcesBuildPhase;
			buildActionMask = 2147483647;
			files = (
				AF5AAC452531B7CD008C876D /* LaunchScreen.storyboard in Resources */,
				AF5AAC422531B7CD008C876D /* Preview Assets.xcassets in Resources */,
				AF5AAC3F2531B7CD008C876D /* Assets.xcassets in Resources */,
			);
			runOnlyForDeploymentPostprocessing = 0;
		};
/* End PBXResourcesBuildPhase section */

/* Begin PBXSourcesBuildPhase section */
		AF5AAC312531B7C8008C876D /* Sources */ = {
			isa = PBXSourcesBuildPhase;
			buildActionMask = 2147483647;
			files = (
				AF5AAC512531C49F008C876D /* DataModel.swift in Sources */,
				AF5AAC542531C4DA008C876D /* GlobalObject.swift in Sources */,
				AF5AAC392531B7C8008C876D /* AppDelegate.swift in Sources */,
				AF5AAC3B2531B7C8008C876D /* SceneDelegate.swift in Sources */,
				AF5AAC3D2531B7C8008C876D /* ContentView.swift in Sources */,
				AF5AAC4E2531B7D9008C876D /* Auth.swift in Sources */,
			);
			runOnlyForDeploymentPostprocessing = 0;
		};
/* End PBXSourcesBuildPhase section */

/* Begin PBXVariantGroup section */
		AF5AAC432531B7CD008C876D /* LaunchScreen.storyboard */ = {
			isa = PBXVariantGroup;
			children = (
				AF5AAC442531B7CD008C876D /* Base */,
			);
			name = LaunchScreen.storyboard;
			sourceTree = "<group>";
		};
/* End PBXVariantGroup section */

/* Begin XCBuildConfiguration section */
		AF5AAC472531B7CD008C876D /* Debug */ = {
			isa = XCBuildConfiguration;
			buildSettings = {
				ALWAYS_SEARCH_USER_PATHS = NO;
				CLANG_ANALYZER_NONNULL = YES;
				CLANG_ANALYZER_NUMBER_OBJECT_CONVERSION = YES_AGGRESSIVE;
				CLANG_CXX_LANGUAGE_STANDARD = "gnu++14";
				CLANG_CXX_LIBRARY = "libc++";
				CLANG_ENABLE_MODULES = YES;
				CLANG_ENABLE_OBJC_ARC = YES;
				CLANG_ENABLE_OBJC_WEAK = YES;
				CLANG_WARN_BLOCK_CAPTURE_AUTORELEASING = YES;
				CLANG_WARN_BOOL_CONVERSION = YES;
				CLANG_WARN_COMMA = YES;
				CLANG_WARN_CONSTANT_CONVERSION = YES;
				CLANG_WARN_DEPRECATED_OBJC_IMPLEMENTATIONS = YES;
				CLANG_WARN_DIRECT_OBJC_ISA_USAGE = YES_ERROR;
				CLANG_WARN_DOCUMENTATION_COMMENTS = YES;
				CLANG_WARN_EMPTY_BODY = YES;
				CLANG_WARN_ENUM_CONVERSION = YES;
				CLANG_WARN_INFINITE_RECURSION = YES;
				CLANG_WARN_INT_CONVERSION = YES;
				CLANG_WARN_NON_LITERAL_NULL_CONVERSION = YES;
				CLANG_WARN_OBJC_IMPLICIT_RETAIN_SELF = YES;
				CLANG_WARN_OBJC_LITERAL_CONVERSION = YES;
				CLANG_WARN_OBJC_ROOT_CLASS = YES_ERROR;
				CLANG_WARN_QUOTED_INCLUDE_IN_FRAMEWORK_HEADER = YES;
				CLANG_WARN_RANGE_LOOP_ANALYSIS = YES;
				CLANG_WARN_STRICT_PROTOTYPES = YES;
				CLANG_WARN_SUSPICIOUS_MOVE = YES;
				CLANG_WARN_UNGUARDED_AVAILABILITY = YES_AGGRESSIVE;
				CLANG_WARN_UNREACHABLE_CODE = YES;
				CLANG_WARN__DUPLICATE_METHOD_MATCH = YES;
				COPY_PHASE_STRIP = NO;
				DEBUG_INFORMATION_FORMAT = dwarf;
				ENABLE_STRICT_OBJC_MSGSEND = YES;
				ENABLE_TESTABILITY = YES;
				GCC_C_LANGUAGE_STANDARD = gnu11;
				GCC_DYNAMIC_NO_PIC = NO;
				GCC_NO_COMMON_BLOCKS = YES;
				GCC_OPTIMIZATION_LEVEL = 0;
				GCC_PREPROCESSOR_DEFINITIONS = (
					"DEBUG=1",
					"$(inherited)",
				);
				GCC_WARN_64_TO_32_BIT_CONVERSION = YES;
				GCC_WARN_ABOUT_RETURN_TYPE = YES_ERROR;
				GCC_WARN_UNDECLARED_SELECTOR = YES;
				GCC_WARN_UNINITIALIZED_AUTOS = YES_AGGRESSIVE;
				GCC_WARN_UNUSED_FUNCTION = YES;
				GCC_WARN_UNUSED_VARIABLE = YES;
				IPHONEOS_DEPLOYMENT_TARGET = 14.2;
				MTL_ENABLE_DEBUG_INFO = INCLUDE_SOURCE;
				MTL_FAST_MATH = YES;
				ONLY_ACTIVE_ARCH = YES;
				SDKROOT = iphoneos;
				SWIFT_ACTIVE_COMPILATION_CONDITIONS = DEBUG;
				SWIFT_OPTIMIZATION_LEVEL = "-Onone";
			};
			name = Debug;
		};
		AF5AAC482531B7CD008C876D /* Release */ = {
			isa = XCBuildConfiguration;
			buildSettings = {
				ALWAYS_SEARCH_USER_PATHS = NO;
				CLANG_ANALYZER_NONNULL = YES;
				CLANG_ANALYZER_NUMBER_OBJECT_CONVERSION = YES_AGGRESSIVE;
				CLANG_CXX_LANGUAGE_STANDARD = "gnu++14";
				CLANG_CXX_LIBRARY = "libc++";
				CLANG_ENABLE_MODULES = YES;
				CLANG_ENABLE_OBJC_ARC = YES;
				CLANG_ENABLE_OBJC_WEAK = YES;
				CLANG_WARN_BLOCK_CAPTURE_AUTORELEASING = YES;
				CLANG_WARN_BOOL_CONVERSION = YES;
				CLANG_WARN_COMMA = YES;
				CLANG_WARN_CONSTANT_CONVERSION = YES;
				CLANG_WARN_DEPRECATED_OBJC_IMPLEMENTATIONS = YES;
				CLANG_WARN_DIRECT_OBJC_ISA_USAGE = YES_ERROR;
				CLANG_WARN_DOCUMENTATION_COMMENTS = YES;
				CLANG_WARN_EMPTY_BODY = YES;
				CLANG_WARN_ENUM_CONVERSION = YES;
				CLANG_WARN_INFINITE_RECURSION = YES;
				CLANG_WARN_INT_CONVERSION = YES;
				CLANG_WARN_NON_LITERAL_NULL_CONVERSION = YES;
				CLANG_WARN_OBJC_IMPLICIT_RETAIN_SELF = YES;
				CLANG_WARN_OBJC_LITERAL_CONVERSION = YES;
				CLANG_WARN_OBJC_ROOT_CLASS = YES_ERROR;
				CLANG_WARN_QUOTED_INCLUDE_IN_FRAMEWORK_HEADER = YES;
				CLANG_WARN_RANGE_LOOP_ANALYSIS = YES;
				CLANG_WARN_STRICT_PROTOTYPES = YES;
				CLANG_WARN_SUSPICIOUS_MOVE = YES;
				CLANG_WARN_UNGUARDED_AVAILABILITY = YES_AGGRESSIVE;
				CLANG_WARN_UNREACHABLE_CODE = YES;
				CLANG_WARN__DUPLICATE_METHOD_MATCH = YES;
				COPY_PHASE_STRIP = NO;
				DEBUG_INFORMATION_FORMAT = "dwarf-with-dsym";
				ENABLE_NS_ASSERTIONS = NO;
				ENABLE_STRICT_OBJC_MSGSEND = YES;
				GCC_C_LANGUAGE_STANDARD = gnu11;
				GCC_NO_COMMON_BLOCKS = YES;
				GCC_WARN_64_TO_32_BIT_CONVERSION = YES;
				GCC_WARN_ABOUT_RETURN_TYPE = YES_ERROR;
				GCC_WARN_UNDECLARED_SELECTOR = YES;
				GCC_WARN_UNINITIALIZED_AUTOS = YES_AGGRESSIVE;
				GCC_WARN_UNUSED_FUNCTION = YES;
				GCC_WARN_UNUSED_VARIABLE = YES;
				IPHONEOS_DEPLOYMENT_TARGET = 14.2;
				MTL_ENABLE_DEBUG_INFO = NO;
				MTL_FAST_MATH = YES;
				SDKROOT = iphoneos;
				SWIFT_COMPILATION_MODE = wholemodule;
				SWIFT_OPTIMIZATION_LEVEL = "-O";
				VALIDATE_PRODUCT = YES;
			};
			name = Release;
		};
		AF5AAC4A2531B7CD008C876D /* Debug */ = {
			isa = XCBuildConfiguration;
			buildSettings = {
				ASSETCATALOG_COMPILER_APPICON_NAME = AppIcon;
				ASSETCATALOG_COMPILER_GLOBAL_ACCENT_COLOR_NAME = AccentColor;
				CODE_SIGN_STYLE = Automatic;
				DEVELOPMENT_ASSET_PATHS = "\"LoginApp/Preview Content\"";
				DEVELOPMENT_TEAM = KQ8DK26294;
				ENABLE_PREVIEWS = YES;
				INFOPLIST_FILE = LoginApp/Info.plist;
				IPHONEOS_DEPLOYMENT_TARGET = 14.0;
				LD_RUNPATH_SEARCH_PATHS = (
					"$(inherited)",
					"@executable_path/Frameworks",
				);
				PRODUCT_BUNDLE_IDENTIFIER = id.dwi.LoginApp;
				PRODUCT_NAME = "$(TARGET_NAME)";
				SWIFT_VERSION = 5.0;
				TARGETED_DEVICE_FAMILY = "1,2";
				TVOS_DEPLOYMENT_TARGET = 14.0;
			};
			name = Debug;
		};
		AF5AAC4B2531B7CD008C876D /* Release */ = {
			isa = XCBuildConfiguration;
			buildSettings = {
				ASSETCATALOG_COMPILER_APPICON_NAME = AppIcon;
				ASSETCATALOG_COMPILER_GLOBAL_ACCENT_COLOR_NAME = AccentColor;
				CODE_SIGN_STYLE = Automatic;
				DEVELOPMENT_ASSET_PATHS = "\"LoginApp/Preview Content\"";
				DEVELOPMENT_TEAM = KQ8DK26294;
				ENABLE_PREVIEWS = YES;
				INFOPLIST_FILE = LoginApp/Info.plist;
				IPHONEOS_DEPLOYMENT_TARGET = 14.0;
				LD_RUNPATH_SEARCH_PATHS = (
					"$(inherited)",
					"@executable_path/Frameworks",
				);
				PRODUCT_BUNDLE_IDENTIFIER = id.dwi.LoginApp;
				PRODUCT_NAME = "$(TARGET_NAME)";
				SWIFT_VERSION = 5.0;
				TARGETED_DEVICE_FAMILY = "1,2";
				TVOS_DEPLOYMENT_TARGET = 14.0;
			};
			name = Release;
		};
/* End XCBuildConfiguration section */

/* Begin XCConfigurationList section */
		AF5AAC302531B7C8008C876D /* Build configuration list for PBXProject "LoginApp" */ = {
			isa = XCConfigurationList;
			buildConfigurations = (
				AF5AAC472531B7CD008C876D /* Debug */,
				AF5AAC482531B7CD008C876D /* Release */,
			);
			defaultConfigurationIsVisible = 0;
			defaultConfigurationName = Release;
		};
		AF5AAC492531B7CD008C876D /* Build configuration list for PBXNativeTarget "LoginApp" */ = {
			isa = XCConfigurationList;
			buildConfigurations = (
				AF5AAC4A2531B7CD008C876D /* Debug */,
				AF5AAC4B2531B7CD008C876D /* Release */,
			);
			defaultConfigurationIsVisible = 0;
			defaultConfigurationName = Release;
		};
/* End XCConfigurationList section */
	};
	rootObject = AF5AAC2D2531B7C8008C876D /* Project object */;
}
